
Microsoft Visual Studio Solution File, Format Version 12.00
# Visual Studio 14
VisualStudioVersion = 14.0.25420.1
MinimumVisualStudioVersion = 10.0.40219.1
Project("{FAE04EC0-301F-11D3-BF4B-00C04F79EFBC}") = "worldpopulation", "worldpopulation\worldpopulation.csproj", "{ACD9B4A4-8CA7-43A5-8FC8-5939A6C59DBB}"
EndProject
Project("{FAE04EC0-301F-11D3-BF4B-00C04F79EFBC}") = "WorldPopulationService", "WorldPopulationService\WorldPopulationService.csproj", "{99B863A7-73C1-468B-A859-5DCAD620EE2C}"
EndProject
Global
	GlobalSection(SolutionConfigurationPlatforms) = preSolution
		Debug|Any CPU = Debug|Any CPU
		Release|Any CPU = Release|Any CPU
	EndGlobalSection
	GlobalSection(ProjectConfigurationPlatforms) = postSolution
		{ACD9B4A4-8CA7-43A5-8FC8-5939A6C59DBB}.Debug|Any CPU.ActiveCfg = Debug|Any CPU
		{ACD9B4A4-8CA7-43A5-8FC8-5939A6C59DBB}.Debug|Any CPU.Build.0 = Debug|Any CPU
		{ACD9B4A4-8CA7-43A5-8FC8-5939A6C59DBB}.Release|Any CPU.ActiveCfg = Release|Any CPU
		{ACD9B4A4-8CA7-43A5-8FC8-5939A6C59DBB}.Release|Any CPU.Build.0 = Release|Any CPU
		{99B863A7-73C1-468B-A859-5DCAD620EE2C}.Debug|Any CPU.ActiveCfg = Debug|Any CPU
		{99B863A7-73C1-468B-A859-5DCAD620EE2C}.Debug|Any CPU.Build.0 = Debug|Any CPU
		{99B863A7-73C1-468B-A859-5DCAD620EE2C}.Release|Any CPU.ActiveCfg = Release|Any CPU
		{99B863A7-73C1-468B-A859-5DCAD620EE2C}.Release|Any CPU.Build.0 = Release|Any CPU
	EndGlobalSection
	GlobalSection(SolutionProperties) = preSolution
		HideSolutionNode = FALSE
	EndGlobalSection
EndGlobal
